
Microsoft Visual Studio Solution File, Format Version 12.00
# Visual Studio Version 16
VisualStudioVersion = 16.0.31702.278
MinimumVisualStudioVersion = 10.0.40219.1
Project("{9A19103F-16F7-4668-BE54-9A1E7A4F7556}") = "SharpHooking.Tests", "..\SharpHooks.Tests\SharpHooking.Tests.csproj", "{A574188B-5705-4945-ACFD-BA414ECB2904}"
EndProject
Project("{FAE04EC0-301F-11D3-BF4B-00C04F79EFBC}") = "SharpHooking.Standard", "..\SharpHooking.Standard\SharpHooking.Standard.csproj", "{2E3FA8D4-3A6C-4DB7-8BB9-ACE449CA78C0}"
EndProject
Global
	GlobalSection(SolutionConfigurationPlatforms) = preSolution
		Debug|Any CPU = Debug|Any CPU
		Release|Any CPU = Release|Any CPU
	EndGlobalSection
	GlobalSection(ProjectConfigurationPlatforms) = postSolution
		{A574188B-5705-4945-ACFD-BA414ECB2904}.Debug|Any CPU.ActiveCfg = Debug|Any CPU
		{A574188B-5705-4945-ACFD-BA414ECB2904}.Debug|Any CPU.Build.0 = Debug|Any CPU
		{A574188B-5705-4945-ACFD-BA414ECB2904}.Release|Any CPU.ActiveCfg = Release|Any CPU
		{A574188B-5705-4945-ACFD-BA414ECB2904}.Release|Any CPU.Build.0 = Release|Any CPU
		{2E3FA8D4-3A6C-4DB7-8BB9-ACE449CA78C0}.Debug|Any CPU.ActiveCfg = Debug|Any CPU
		{2E3FA8D4-3A6C-4DB7-8BB9-ACE449CA78C0}.Debug|Any CPU.Build.0 = Debug|Any CPU
		{2E3FA8D4-3A6C-4DB7-8BB9-ACE449CA78C0}.Release|Any CPU.ActiveCfg = Release|Any CPU
		{2E3FA8D4-3A6C-4DB7-8BB9-ACE449CA78C0}.Release|Any CPU.Build.0 = Release|Any CPU
	EndGlobalSection
	GlobalSection(SolutionProperties) = preSolution
		HideSolutionNode = FALSE
	EndGlobalSection
	GlobalSection(ExtensibilityGlobals) = postSolution
		SolutionGuid = {16A751A9-7670-434B-9A4C-75C5CCE98EB0}
	EndGlobalSection
EndGlobal
